
Microsoft Visual Studio Solution File, Format Version 12.00
# Visual Studio Version 17
VisualStudioVersion = 17.0.31903.59
MinimumVisualStudioVersion = 10.0.40219.1
Project("{2150E333-8FDC-42A3-9474-1A3956D46DE8}") = "src", "src", "{827E0CD3-B72D-47B6-A68D-7590B98EB39B}"
EndProject
Project("{2150E333-8FDC-42A3-9474-1A3956D46DE8}") = "Common", "Common", "{BFF2DF6E-AA54-47C7-211F-79ACCBB4577C}"
EndProject
Project("{FAE04EC0-301F-11D3-BF4B-00C04F79EFBC}") = "CsWasm.Common", "src\Common\CsWasm.Common.csproj", "{7047D44F-5A09-495E-9BDC-01EF2F544196}"
EndProject
Project("{FAE04EC0-301F-11D3-BF4B-00C04F79EFBC}") = "CsWasm.Backend.MoonBit", "src\Backend.MoonBit\CsWasm.Backend.MoonBit.csproj", "{AAEEE3C6-A487-46F6-8570-4777FB26652D}"
EndProject
Project("{FAE04EC0-301F-11D3-BF4B-00C04F79EFBC}") = "CsWasm.Driver", "src\Driver\CsWasm.Driver.csproj", "{F2666972-C548-4E3B-AC92-51DC9C2DF656}"
EndProject
Project("{FAE04EC0-301F-11D3-BF4B-00C04F79EFBC}") = "CsWasm.Tests", "tests\CsWasm.Tests\CsWasm.Tests.csproj", "{72A5C6DF-6185-477C-83EE-367A4467DAA6}"
EndProject
Project("{2150E333-8FDC-42A3-9474-1A3956D46DE8}") = "tests", "tests", "{0AB3BF05-4346-4AA6-1389-037BE0695223}"
EndProject
Project("{FAE04EC0-301F-11D3-BF4B-00C04F79EFBC}") = "CsWasm.Samples.Poc", "tests\Samples\CsWasm.Samples.Poc\CsWasm.Samples.Poc.csproj", "{4AF4637D-538A-4AD9-BB3A-F936F1BFAE77}"
EndProject
Project("{FAE04EC0-301F-11D3-BF4B-00C04F79EFBC}") = "CsWasm.Samples.Unsupported", "tests\Samples\CsWasm.Samples.Unsupported\CsWasm.Samples.Unsupported.csproj", "{334513A0-F901-487E-9554-16A140F18C56}"
EndProject
Project("{FAE04EC0-301F-11D3-BF4B-00C04F79EFBC}") = "CsWasm.Samples.BackendUnsupported", "tests\Samples\CsWasm.Samples.BackendUnsupported\CsWasm.Samples.BackendUnsupported.csproj", "{1B7C4F2D-9E33-4C61-8A55-2D0E6F1A7C31}"
EndProject
Project("{FAE04EC0-301F-11D3-BF4B-00C04F79EFBC}") = "CsWasm.Samples.NamingStability", "tests\Samples\CsWasm.Samples.NamingStability\CsWasm.Samples.NamingStability.csproj", "{5D2A8E14-6C77-49B0-93F2-8E41C0B5D726}"
EndProject
Project("{FAE04EC0-301F-11D3-BF4B-00C04F79EFBC}") = "CsWasm.Frontend.Cil", "src\Frontend.Cil\CsWasm.Frontend.Cil.csproj", "{6AE22F3D-BC7E-42E8-9CD2-43AF812A5393}"
EndProject
Global
	GlobalSection(SolutionConfigurationPlatforms) = preSolution
		Debug|Any CPU = Debug|Any CPU
		Debug|x64 = Debug|x64
		Debug|x86 = Debug|x86
		Release|Any CPU = Release|Any CPU
		Release|x64 = Release|x64
		Release|x86 = Release|x86
	EndGlobalSection
	GlobalSection(ProjectConfigurationPlatforms) = postSolution
		{7047D44F-5A09-495E-9BDC-01EF2F544196}.Debug|Any CPU.ActiveCfg = Debug|Any CPU
		{7047D44F-5A09-495E-9BDC-01EF2F544196}.Debug|Any CPU.Build.0 = Debug|Any CPU
		{7047D44F-5A09-495E-9BDC-01EF2F544196}.Debug|x64.ActiveCfg = Debug|Any CPU
		{7047D44F-5A09-495E-9BDC-01EF2F544196}.Debug|x64.Build.0 = Debug|Any CPU
		{7047D44F-5A09-495E-9BDC-01EF2F544196}.Debug|x86.ActiveCfg = Debug|Any CPU
		{7047D44F-5A09-495E-9BDC-01EF2F544196}.Debug|x86.Build.0 = Debug|Any CPU
		{7047D44F-5A09-495E-9BDC-01EF2F544196}.Release|Any CPU.ActiveCfg = Release|Any CPU
		{7047D44F-5A09-495E-9BDC-01EF2F544196}.Release|Any CPU.Build.0 = Release|Any CPU
		{7047D44F-5A09-495E-9BDC-01EF2F544196}.Release|x64.ActiveCfg = Release|Any CPU
		{7047D44F-5A09-495E-9BDC-01EF2F544196}.Release|x64.Build.0 = Release|Any CPU
		{7047D44F-5A09-495E-9BDC-01EF2F544196}.Release|x86.ActiveCfg = Release|Any CPU
		{7047D44F-5A09-495E-9BDC-01EF2F544196}.Release|x86.Build.0 = Release|Any CPU
		{AAEEE3C6-A487-46F6-8570-4777FB26652D}.Debug|Any CPU.ActiveCfg = Debug|Any CPU
		{AAEEE3C6-A487-46F6-8570-4777FB26652D}.Debug|Any CPU.Build.0 = Debug|Any CPU
		{AAEEE3C6-A487-46F6-8570-4777FB26652D}.Debug|x64.ActiveCfg = Debug|Any CPU
		{AAEEE3C6-A487-46F6-8570-4777FB26652D}.Debug|x64.Build.0 = Debug|Any CPU
		{AAEEE3C6-A487-46F6-8570-4777FB26652D}.Debug|x86.ActiveCfg = Debug|Any CPU
		{AAEEE3C6-A487-46F6-8570-4777FB26652D}.Debug|x86.Build.0 = Debug|Any CPU
		{AAEEE3C6-A487-46F6-8570-4777FB26652D}.Release|Any CPU.ActiveCfg = Release|Any CPU
		{AAEEE3C6-A487-46F6-8570-4777FB26652D}.Release|Any CPU.Build.0 = Release|Any CPU
		{AAEEE3C6-A487-46F6-8570-4777FB26652D}.Release|x64.ActiveCfg = Release|Any CPU
		{AAEEE3C6-A487-46F6-8570-4777FB26652D}.Release|x64.Build.0 = Release|Any CPU
		{AAEEE3C6-A487-46F6-8570-4777FB26652D}.Release|x86.ActiveCfg = Release|Any CPU
		{AAEEE3C6-A487-46F6-8570-4777FB26652D}.Release|x86.Build.0 = Release|Any CPU
		{F2666972-C548-4E3B-AC92-51DC9C2DF656}.Debug|Any CPU.ActiveCfg = Debug|Any CPU
		{F2666972-C548-4E3B-AC92-51DC9C2DF656}.Debug|Any CPU.Build.0 = Debug|Any CPU
		{F2666972-C548-4E3B-AC92-51DC9C2DF656}.Debug|x64.ActiveCfg = Debug|Any CPU
		{F2666972-C548-4E3B-AC92-51DC9C2DF656}.Debug|x64.Build.0 = Debug|Any CPU
		{F2666972-C548-4E3B-AC92-51DC9C2DF656}.Debug|x86.ActiveCfg = Debug|Any CPU
		{F2666972-C548-4E3B-AC92-51DC9C2DF656}.Debug|x86.Build.0 = Debug|Any CPU
		{F2666972-C548-4E3B-AC92-51DC9C2DF656}.Release|Any CPU.ActiveCfg = Release|Any CPU
		{F2666972-C548-4E3B-AC92-51DC9C2DF656}.Release|Any CPU.Build.0 = Release|Any CPU
		{F2666972-C548-4E3B-AC92-51DC9C2DF656}.Release|x64.ActiveCfg = Release|Any CPU
		{F2666972-C548-4E3B-AC92-51DC9C2DF656}.Release|x64.Build.0 = Release|Any CPU
		{F2666972-C548-4E3B-AC92-51DC9C2DF656}.Release|x86.ActiveCfg = Release|Any CPU
		{F2666972-C548-4E3B-AC92-51DC9C2DF656}.Release|x86.Build.0 = Release|Any CPU
		{72A5C6DF-6185-477C-83EE-367A4467DAA6}.Debug|Any CPU.ActiveCfg = Debug|Any CPU
		{72A5C6DF-6185-477C-83EE-367A4467DAA6}.Debug|Any CPU.Build.0 = Debug|Any CPU
		{72A5C6DF-6185-477C-83EE-367A4467DAA6}.Debug|x64.ActiveCfg = Debug|Any CPU
		{72A5C6DF-6185-477C-83EE-367A4467DAA6}.Debug|x64.Build.0 = Debug|Any CPU
		{72A5C6DF-6185-477C-83EE-367A4467DAA6}.Debug|x86.ActiveCfg = Debug|Any CPU
		{72A5C6DF-6185-477C-83EE-367A4467DAA6}.Debug|x86.Build.0 = Debug|Any CPU
		{72A5C6DF-6185-477C-83EE-367A4467DAA6}.Release|Any CPU.ActiveCfg = Release|Any CPU
		{72A5C6DF-6185-477C-83EE-367A4467DAA6}.Release|Any CPU.Build.0 = Release|Any CPU
		{72A5C6DF-6185-477C-83EE-367A4467DAA6}.Release|x64.ActiveCfg = Release|Any CPU
		{72A5C6DF-6185-477C-83EE-367A4467DAA6}.Release|x64.Build.0 = Release|Any CPU
		{72A5C6DF-6185-477C-83EE-367A4467DAA6}.Release|x86.ActiveCfg = Release|Any CPU
		{72A5C6DF-6185-477C-83EE-367A4467DAA6}.Release|x86.Build.0 = Release|Any CPU
		{4AF4637D-538A-4AD9-BB3A-F936F1BFAE77}.Debug|Any CPU.ActiveCfg = Debug|Any CPU
		{4AF4637D-538A-4AD9-BB3A-F936F1BFAE77}.Debug|Any CPU.Build.0 = Debug|Any CPU
		{4AF4637D-538A-4AD9-BB3A-F936F1BFAE77}.Debug|x64.ActiveCfg = Debug|Any CPU
		{4AF4637D-538A-4AD9-BB3A-F936F1BFAE77}.Debug|x64.Build.0 = Debug|Any CPU
		{4AF4637D-538A-4AD9-BB3A-F936F1BFAE77}.Debug|x86.ActiveCfg = Debug|Any CPU
		{4AF4637D-538A-4AD9-BB3A-F936F1BFAE77}.Debug|x86.Build.0 = Debug|Any CPU
		{4AF4637D-538A-4AD9-BB3A-F936F1BFAE77}.Release|Any CPU.ActiveCfg = Release|Any CPU
		{4AF4637D-538A-4AD9-BB3A-F936F1BFAE77}.Release|Any CPU.Build.0 = Release|Any CPU
		{4AF4637D-538A-4AD9-BB3A-F936F1BFAE77}.Release|x64.ActiveCfg = Release|Any CPU
		{4AF4637D-538A-4AD9-BB3A-F936F1BFAE77}.Release|x64.Build.0 = Release|Any CPU
		{4AF4637D-538A-4AD9-BB3A-F936F1BFAE77}.Release|x86.ActiveCfg = Release|Any CPU
		{4AF4637D-538A-4AD9-BB3A-F936F1BFAE77}.Release|x86.Build.0 = Release|Any CPU
		{334513A0-F901-487E-9554-16A140F18C56}.Debug|Any CPU.ActiveCfg = Debug|Any CPU
		{334513A0-F901-487E-9554-16A140F18C56}.Debug|Any CPU.Build.0 = Debug|Any CPU
		{334513A0-F901-487E-9554-16A140F18C56}.Debug|x64.ActiveCfg = Debug|Any CPU
		{334513A0-F901-487E-9554-16A140F18C56}.Debug|x64.Build.0 = Debug|Any CPU
		{334513A0-F901-487E-9554-16A140F18C56}.Debug|x86.ActiveCfg = Debug|Any CPU
		{334513A0-F901-487E-9554-16A140F18C56}.Debug|x86.Build.0 = Debug|Any CPU
		{334513A0-F901-487E-9554-16A140F18C56}.Release|Any CPU.ActiveCfg = Release|Any CPU
		{334513A0-F901-487E-9554-16A140F18C56}.Release|Any CPU.Build.0 = Release|Any CPU
		{334513A0-F901-487E-9554-16A140F18C56}.Release|x64.ActiveCfg = Release|Any CPU
		{334513A0-F901-487E-9554-16A140F18C56}.Release|x64.Build.0 = Release|Any CPU
		{334513A0-F901-487E-9554-16A140F18C56}.Release|x86.ActiveCfg = Release|Any CPU
		{334513A0-F901-487E-9554-16A140F18C56}.Release|x86.Build.0 = Release|Any CPU
		{1B7C4F2D-9E33-4C61-8A55-2D0E6F1A7C31}.Debug|Any CPU.ActiveCfg = Debug|Any CPU
		{1B7C4F2D-9E33-4C61-8A55-2D0E6F1A7C31}.Debug|Any CPU.Build.0 = Debug|Any CPU
		{1B7C4F2D-9E33-4C61-8A55-2D0E6F1A7C31}.Debug|x64.ActiveCfg = Debug|Any CPU
		{1B7C4F2D-9E33-4C61-8A55-2D0E6F1A7C31}.Debug|x64.Build.0 = Debug|Any CPU
		{1B7C4F2D-9E33-4C61-8A55-2D0E6F1A7C31}.Debug|x86.ActiveCfg = Debug|Any CPU
		{1B7C4F2D-9E33-4C61-8A55-2D0E6F1A7C31}.Debug|x86.Build.0 = Debug|Any CPU
		{1B7C4F2D-9E33-4C61-8A55-2D0E6F1A7C31}.Release|Any CPU.ActiveCfg = Release|Any CPU
		{1B7C4F2D-9E33-4C61-8A55-2D0E6F1A7C31}.Release|Any CPU.Build.0 = Release|Any CPU
		{1B7C4F2D-9E33-4C61-8A55-2D0E6F1A7C31}.Release|x64.ActiveCfg = Release|Any CPU
		{1B7C4F2D-9E33-4C61-8A55-2D0E6F1A7C31}.Release|x64.Build.0 = Release|Any CPU
		{1B7C4F2D-9E33-4C61-8A55-2D0E6F1A7C31}.Release|x86.ActiveCfg = Release|Any CPU
		{1B7C4F2D-9E33-4C61-8A55-2D0E6F1A7C31}.Release|x86.Build.0 = Release|Any CPU
		{5D2A8E14-6C77-49B0-93F2-8E41C0B5D726}.Debug|Any CPU.ActiveCfg = Debug|Any CPU
		{5D2A8E14-6C77-49B0-93F2-8E41C0B5D726}.Debug|Any CPU.Build.0 = Debug|Any CPU
		{5D2A8E14-6C77-49B0-93F2-8E41C0B5D726}.Debug|x64.ActiveCfg = Debug|Any CPU
		{5D2A8E14-6C77-49B0-93F2-8E41C0B5D726}.Debug|x64.Build.0 = Debug|Any CPU
		{5D2A8E14-6C77-49B0-93F2-8E41C0B5D726}.Debug|x86.ActiveCfg = Debug|Any CPU
		{5D2A8E14-6C77-49B0-93F2-8E41C0B5D726}.Debug|x86.Build.0 = Debug|Any CPU
		{5D2A8E14-6C77-49B0-93F2-8E41C0B5D726}.Release|Any CPU.ActiveCfg = Release|Any CPU
		{5D2A8E14-6C77-49B0-93F2-8E41C0B5D726}.Release|Any CPU.Build.0 = Release|Any CPU
		{5D2A8E14-6C77-49B0-93F2-8E41C0B5D726}.Release|x64.ActiveCfg = Release|Any CPU
		{5D2A8E14-6C77-49B0-93F2-8E41C0B5D726}.Release|x64.Build.0 = Release|Any CPU
		{5D2A8E14-6C77-49B0-93F2-8E41C0B5D726}.Release|x86.ActiveCfg = Release|Any CPU
		{5D2A8E14-6C77-49B0-93F2-8E41C0B5D726}.Release|x86.Build.0 = Release|Any CPU
		{6AE22F3D-BC7E-42E8-9CD2-43AF812A5393}.Debug|Any CPU.ActiveCfg = Debug|Any CPU
		{6AE22F3D-BC7E-42E8-9CD2-43AF812A5393}.Debug|Any CPU.Build.0 = Debug|Any CPU
		{6AE22F3D-BC7E-42E8-9CD2-43AF812A5393}.Debug|x64.ActiveCfg = Debug|Any CPU
		{6AE22F3D-BC7E-42E8-9CD2-43AF812A5393}.Debug|x64.Build.0 = Debug|Any CPU
		{6AE22F3D-BC7E-42E8-9CD2-43AF812A5393}.Debug|x86.ActiveCfg = Debug|Any CPU
		{6AE22F3D-BC7E-42E8-9CD2-43AF812A5393}.Debug|x86.Build.0 = Debug|Any CPU
		{6AE22F3D-BC7E-42E8-9CD2-43AF812A5393}.Release|Any CPU.ActiveCfg = Release|Any CPU
		{6AE22F3D-BC7E-42E8-9CD2-43AF812A5393}.Release|Any CPU.Build.0 = Release|Any CPU
		{6AE22F3D-BC7E-42E8-9CD2-43AF812A5393}.Release|x64.ActiveCfg = Release|Any CPU
		{6AE22F3D-BC7E-42E8-9CD2-43AF812A5393}.Release|x64.Build.0 = Release|Any CPU
		{6AE22F3D-BC7E-42E8-9CD2-43AF812A5393}.Release|x86.ActiveCfg = Release|Any CPU
		{6AE22F3D-BC7E-42E8-9CD2-43AF812A5393}.Release|x86.Build.0 = Release|Any CPU
	EndGlobalSection
	GlobalSection(SolutionProperties) = preSolution
		HideSolutionNode = FALSE
	EndGlobalSection
	GlobalSection(NestedProjects) = preSolution
		{BFF2DF6E-AA54-47C7-211F-79ACCBB4577C} = {827E0CD3-B72D-47B6-A68D-7590B98EB39B}
		{7047D44F-5A09-495E-9BDC-01EF2F544196} = {BFF2DF6E-AA54-47C7-211F-79ACCBB4577C}
		{AAEEE3C6-A487-46F6-8570-4777FB26652D} = {BFF2DF6E-AA54-47C7-211F-79ACCBB4577C}
		{F2666972-C548-4E3B-AC92-51DC9C2DF656} = {BFF2DF6E-AA54-47C7-211F-79ACCBB4577C}
		{72A5C6DF-6185-477C-83EE-367A4467DAA6} = {BFF2DF6E-AA54-47C7-211F-79ACCBB4577C}
		{4AF4637D-538A-4AD9-BB3A-F936F1BFAE77} = {0AB3BF05-4346-4AA6-1389-037BE0695223}
		{334513A0-F901-487E-9554-16A140F18C56} = {0AB3BF05-4346-4AA6-1389-037BE0695223}
		{1B7C4F2D-9E33-4C61-8A55-2D0E6F1A7C31} = {0AB3BF05-4346-4AA6-1389-037BE0695223}
		{5D2A8E14-6C77-49B0-93F2-8E41C0B5D726} = {0AB3BF05-4346-4AA6-1389-037BE0695223}
		{6AE22F3D-BC7E-42E8-9CD2-43AF812A5393} = {BFF2DF6E-AA54-47C7-211F-79ACCBB4577C}
	EndGlobalSection
EndGlobal
